// !$*UTF8*$!
{
	archiveVersion = 1;
	classes = {
	};
	objectVersion = 46;
	objects = {

/* Begin PBXBuildFile section */
		11A784761CEF7A6C0082136F /* main.m in Sources */ = {isa = PBXBuildFile; fileRef = 11A784751CEF7A6C0082136F /* main.m */; };
		11A784791CEF7A6C0082136F /* AppDelegate.m in Sources */ = {isa = PBXBuildFile; fileRef = 11A784781CEF7A6C0082136F /* AppDelegate.m */; };
		11A7847C1CEF7A6C0082136F /* ViewController.m in Sources */ = {isa = PBXBuildFile; fileRef = 11A7847B1CEF7A6C0082136F /* ViewController.m */; };
		11A7847F1CEF7A6C0082136F /* Main.storyboard in Resources */ = {isa = PBXBuildFile; fileRef = 11A7847D1CEF7A6C0082136F /* Main.storyboard */; };
		11A784811CEF7A6C0082136F /* Assets.xcassets in Resources */ = {isa = PBXBuildFile; fileRef = 11A784801CEF7A6C0082136F /* Assets.xcassets */; };
		11A784841CEF7A6C0082136F /* LaunchScreen.storyboard in Resources */ = {isa = PBXBuildFile; fileRef = 11A784821CEF7A6C0082136F /* LaunchScreen.storyboard */; };
		11A7848F1CEF7A6C0082136F /* TareaTests.m in Sources */ = {isa = PBXBuildFile; fileRef = 11A7848E1CEF7A6C0082136F /* TareaTests.m */; };
		11A7849A1CEF7A6C0082136F /* TareaUITests.m in Sources */ = {isa = PBXBuildFile; fileRef = 11A784991CEF7A6C0082136F /* TareaUITests.m */; };
/* End PBXBuildFile section */

/* Begin PBXContainerItemProxy section */
		11A7848B1CEF7A6C0082136F /* PBXContainerItemProxy */ = {
			isa = PBXContainerItemProxy;
			containerPortal = 11A784691CEF7A6C0082136F /* Project object */;
			proxyType = 1;
			remoteGlobalIDString = 11A784701CEF7A6C0082136F;
			remoteInfo = Tarea;
		};
		11A784961CEF7A6C0082136F /* PBXContainerItemProxy */ = {
			isa = PBXContainerItemProxy;
			containerPortal = 11A784691CEF7A6C0082136F /* Project object */;
			proxyType = 1;
			remoteGlobalIDString = 11A784701CEF7A6C0082136F;
			remoteInfo = Tarea;
		};
/* End PBXContainerItemProxy section */

/* Begin PBXFileReference section */
		11A784711CEF7A6C0082136F /* Tarea.app */ = {isa = PBXFileReference; explicitFileType = wrapper.application; includeInIndex = 0; path = Tarea.app; sourceTree = BUILT_PRODUCTS_DIR; };
		11A784751CEF7A6C0082136F /* main.m */ = {isa = PBXFileReference; lastKnownFileType = sourcecode.c.objc; path = main.m; sourceTree = "<group>"; };
		11A784771CEF7A6C0082136F /* AppDelegate.h */ = {isa = PBXFileReference; lastKnownFileType = sourcecode.c.h; path = AppDelegate.h; sourceTree = "<group>"; };
		11A784781CEF7A6C0082136F /* AppDelegate.m */ = {isa = PBXFileReference; lastKnownFileType = sourcecode.c.objc; path = AppDelegate.m; sourceTree = "<group>"; };
		11A7847A1CEF7A6C0082136F /* ViewController.h */ = {isa = PBXFileReference; lastKnownFileType = sourcecode.c.h; path = ViewController.h; sourceTree = "<group>"; };
		11A7847B1CEF7A6C0082136F /* ViewController.m */ = {isa = PBXFileReference; lastKnownFileType = sourcecode.c.objc; path = ViewController.m; sourceTree = "<group>"; };
		11A7847E1CEF7A6C0082136F /* Base */ = {isa = PBXFileReference; lastKnownFileType = file.storyboard; name = Base; path = Base.lproj/Main.storyboard; sourceTree = "<group>"; };
		11A784801CEF7A6C0082136F /* Assets.xcassets */ = {isa = PBXFileReference; lastKnownFileType = folder.assetcatalog; path = Assets.xcassets; sourceTree = "<group>"; };
		11A784831CEF7A6C0082136F /* Base */ = {isa = PBXFileReference; lastKnownFileType = file.storyboard; name = Base; path = Base.lproj/LaunchScreen.storyboard; sourceTree = "<group>"; };
		11A784851CEF7A6C0082136F /* Info.plist */ = {isa = PBXFileReference; lastKnownFileType = text.plist.xml; path = Info.plist; sourceTree = "<group>"; };
		11A7848A1CEF7A6C0082136F /* TareaTests.xctest */ = {isa = PBXFileReference; explicitFileType = wrapper.cfbundle; includeInIndex = 0; path = TareaTests.xctest; sourceTree = BUILT_PRODUCTS_DIR; };
		11A7848E1CEF7A6C0082136F /* TareaTests.m */ = {isa = PBXFileReference; lastKnownFileType = sourcecode.c.objc; path = TareaTests.m; sourceTree = "<group>"; };
		11A784901CEF7A6C0082136F /* Info.plist */ = {isa = PBXFileReference; lastKnownFileType = text.plist.xml; path = Info.plist; sourceTree = "<group>"; };
		11A784951CEF7A6C0082136F /* TareaUITests.xctest */ = {isa = PBXFileReference; explicitFileType = wrapper.cfbundle; includeInIndex = 0; path = TareaUITests.xctest; sourceTree = BUILT_PRODUCTS_DIR; };
		11A784991CEF7A6C0082136F /* TareaUITests.m */ = {isa = PBXFileReference; lastKnownFileType = sourcecode.c.objc; path = TareaUITests.m; sourceTree = "<group>"; };
		11A7849B1CEF7A6C0082136F /* Info.plist */ = {isa = PBXFileReference; lastKnownFileType = text.plist.xml; path = Info.plist; sourceTree = "<group>"; };
/* End PBXFileReference section */

/* Begin PBXFrameworksBuildPhase section */
		11A7846E1CEF7A6C0082136F /* Frameworks */ = {
			isa = PBXFrameworksBuildPhase;
			buildActionMask = 2147483647;
			files = (
			);
			runOnlyForDeploymentPostprocessing = 0;
		};
		11A784871CEF7A6C0082136F /* Frameworks */ = {
			isa = PBXFrameworksBuildPhase;
			buildActionMask = 2147483647;
			files = (
			);
			runOnlyForDeploymentPostprocessing = 0;
		};
		11A784921CEF7A6C0082136F /* Frameworks */ = {
			isa = PBXFrameworksBuildPhase;
			buildActionMask = 2147483647;
			files = (
			);
			runOnlyForDeploymentPostprocessing = 0;
		};
/* End PBXFrameworksBuildPhase section */

/* Begin PBXGroup section */
		11A784681CEF7A6C0082136F = {
			isa = PBXGroup;
			children = (
				11A784731CEF7A6C0082136F /* Tarea */,
				11A7848D1CEF7A6C0082136F /* TareaTests */,
				11A784981CEF7A6C0082136F /* TareaUITests */,
				11A784721CEF7A6C0082136F /* Products */,
			);
			sourceTree = "<group>";
		};
		11A784721CEF7A6C0082136F /* Products */ = {
			isa = PBXGroup;
			children = (
				11A784711CEF7A6C0082136F /* Tarea.app */,
				11A7848A1CEF7A6C0082136F /* TareaTests.xctest */,
				11A784951CEF7A6C0082136F /* TareaUITests.xctest */,
			);
			name = Products;
			sourceTree = "<group>";
		};
		11A784731CEF7A6C0082136F /* Tarea */ = {
			isa = PBXGroup;
			children = (
				11A784771CEF7A6C0082136F /* AppDelegate.h */,
				11A784781CEF7A6C0082136F /* AppDelegate.m */,
				11A7847A1CEF7A6C0082136F /* ViewController.h */,
				11A7847B1CEF7A6C0082136F /* ViewController.m */,
				11A7847D1CEF7A6C0082136F /* Main.storyboard */,
				11A784801CEF7A6C0082136F /* Assets.xcassets */,
				11A784821CEF7A6C0082136F /* LaunchScreen.storyboard */,
				11A784851CEF7A6C0082136F /* Info.plist */,
				11A784741CEF7A6C0082136F /* Supporting Files */,
			);
			path = Tarea;
			sourceTree = "<group>";
		};
		11A784741CEF7A6C0082136F /* Supporting Files */ = {
			isa = PBXGroup;
			children = (
				11A784751CEF7A6C0082136F /* main.m */,
			);
			name = "Supporting Files";
			sourceTree = "<group>";
		};
		11A7848D1CEF7A6C0082136F /* TareaTests */ = {
			isa = PBXGroup;
			children = (
				11A7848E1CEF7A6C0082136F /* TareaTests.m */,
				11A784901CEF7A6C0082136F /* Info.plist */,
			);
			path = TareaTests;
			sourceTree = "<group>";
		};
		11A784981CEF7A6C0082136F /* TareaUITests */ = {
			isa = PBXGroup;
			children = (
				11A784991CEF7A6C0082136F /* TareaUITests.m */,
				11A7849B1CEF7A6C0082136F /* Info.plist */,
			);
			path = TareaUITests;
			sourceTree = "<group>";
		};
/* End PBXGroup section */

/* Begin PBXNativeTarget section */
		11A784701CEF7A6C0082136F /* Tarea */ = {
			isa = PBXNativeTarget;
			buildConfigurationList = 11A7849E1CEF7A6C0082136F /* Build configuration list for PBXNativeTarget "Tarea" */;
			buildPhases = (
				11A7846D1CEF7A6C0082136F /* Sources */,
				11A7846E1CEF7A6C0082136F /* Frameworks */,
				11A7846F1CEF7A6C0082136F /* Resources */,
			);
			buildRules = (
			);
			dependencies = (
			);
			name = Tarea;
			productName = Tarea;
			productReference = 11A784711CEF7A6C0082136F /* Tarea.app */;
			productType = "com.apple.product-type.application";
		};
		11A784891CEF7A6C0082136F /* TareaTests */ = {
			isa = PBXNativeTarget;
			buildConfigurationList = 11A784A11CEF7A6C0082136F /* Build configuration list for PBXNativeTarget "TareaTests" */;
			buildPhases = (
				11A784861CEF7A6C0082136F /* Sources */,
				11A784871CEF7A6C0082136F /* Frameworks */,
				11A784881CEF7A6C0082136F /* Resources */,
			);
			buildRules = (
			);
			dependencies = (
				11A7848C1CEF7A6C0082136F /* PBXTargetDependency */,
			);
			name = TareaTests;
			productName = TareaTests;
			productReference = 11A7848A1CEF7A6C0082136F /* TareaTests.xctest */;
			productType = "com.apple.product-type.bundle.unit-test";
		};
		11A784941CEF7A6C0082136F /* TareaUITests */ = {
			isa = PBXNativeTarget;
			buildConfigurationList = 11A784A41CEF7A6C0082136F /* Build configuration list for PBXNativeTarget "TareaUITests" */;
			buildPhases = (
				11A784911CEF7A6C0082136F /* Sources */,
				11A784921CEF7A6C0082136F /* Frameworks */,
				11A784931CEF7A6C0082136F /* Resources */,
			);
			buildRules = (
			);
			dependencies = (
				11A784971CEF7A6C0082136F /* PBXTargetDependency */,
			);
			name = TareaUITests;
			productName = TareaUITests;
			productReference = 11A784951CEF7A6C0082136F /* TareaUITests.xctest */;
			productType = "com.apple.product-type.bundle.ui-testing";
		};
/* End PBXNativeTarget section */

/* Begin PBXProject section */
		11A784691CEF7A6C0082136F /* Project object */ = {
			isa = PBXProject;
			attributes = {
				LastUpgradeCheck = 0730;
				ORGANIZATIONNAME = Moises;
				TargetAttributes = {
					11A784701CEF7A6C0082136F = {
						CreatedOnToolsVersion = 7.3.1;
					};
					11A784891CEF7A6C0082136F = {
						CreatedOnToolsVersion = 7.3.1;
						TestTargetID = 11A784701CEF7A6C0082136F;
					};
					11A784941CEF7A6C0082136F = {
						CreatedOnToolsVersion = 7.3.1;
						TestTargetID = 11A784701CEF7A6C0082136F;
					};
				};
			};
			buildConfigurationList = 11A7846C1CEF7A6C0082136F /* Build configuration list for PBXProject "Tarea" */;
			compatibilityVersion = "Xcode 3.2";
			developmentRegion = English;
			hasScannedForEncodings = 0;
			knownRegions = (
				en,
				Base,
			);
			mainGroup = 11A784681CEF7A6C0082136F;
			productRefGroup = 11A784721CEF7A6C0082136F /* Products */;
			projectDirPath = "";
			projectRoot = "";
			targets = (
				11A784701CEF7A6C0082136F /* Tarea */,
				11A784891CEF7A6C0082136F /* TareaTests */,
				11A784941CEF7A6C0082136F /* TareaUITests */,
			);
		};
/* End PBXProject section */

/* Begin PBXResourcesBuildPhase section */
		11A7846F1CEF7A6C0082136F /* Resources */ = {
			isa = PBXResourcesBuildPhase;
			buildActionMask = 2147483647;
			files = (
				11A784841CEF7A6C0082136F /* LaunchScreen.storyboard in Resources */,
				11A784811CEF7A6C0082136F /* Assets.xcassets in Resources */,
				11A7847F1CEF7A6C0082136F /* Main.storyboard in Resources */,
			);
			runOnlyForDeploymentPostprocessing = 0;
		};
		11A784881CEF7A6C0082136F /* Resources */ = {
			isa = PBXResourcesBuildPhase;
			buildActionMask = 2147483647;
			files = (
			);
			runOnlyForDeploymentPostprocessing = 0;
		};
		11A784931CEF7A6C0082136F /* Resources */ = {
			isa = PBXResourcesBuildPhase;
			buildActionMask = 2147483647;
			files = (
			);
			runOnlyForDeploymentPostprocessing = 0;
		};
/* End PBXResourcesBuildPhase section */

/* Begin PBXSourcesBuildPhase section */
		11A7846D1CEF7A6C0082136F /* Sources */ = {
			isa = PBXSourcesBuildPhase;
			buildActionMask = 2147483647;
			files = (
				11A7847C1CEF7A6C0082136F /* ViewController.m in Sources */,
				11A784791CEF7A6C0082136F /* AppDelegate.m in Sources */,
				11A784761CEF7A6C0082136F /* main.m in Sources */,
			);
			runOnlyForDeploymentPostprocessing = 0;
		};
		11A784861CEF7A6C0082136F /* Sources */ = {
			isa = PBXSourcesBuildPhase;
			buildActionMask = 2147483647;
			files = (
				11A7848F1CEF7A6C0082136F /* TareaTests.m in Sources */,
			);
			runOnlyForDeploymentPostprocessing = 0;
		};
		11A784911CEF7A6C0082136F /* Sources */ = {
			isa = PBXSourcesBuildPhase;
			buildActionMask = 2147483647;
			files = (
				11A7849A1CEF7A6C0082136F /* TareaUITests.m in Sources */,
			);
			runOnlyForDeploymentPostprocessing = 0;
		};
/* End PBXSourcesBuildPhase section */

/* Begin PBXTargetDependency section */
		11A7848C1CEF7A6C0082136F /* PBXTargetDependency */ = {
			isa = PBXTargetDependency;
			target = 11A784701CEF7A6C0082136F /* Tarea */;
			targetProxy = 11A7848B1CEF7A6C0082136F /* PBXContainerItemProxy */;
		};
		11A784971CEF7A6C0082136F /* PBXTargetDependency */ = {
			isa = PBXTargetDependency;
			target = 11A784701CEF7A6C0082136F /* Tarea */;
			targetProxy = 11A784961CEF7A6C0082136F /* PBXContainerItemProxy */;
		};
/* End PBXTargetDependency section */

/* Begin PBXVariantGroup section */
		11A7847D1CEF7A6C0082136F /* Main.storyboard */ = {
			isa = PBXVariantGroup;
			children = (
				11A7847E1CEF7A6C0082136F /* Base */,
			);
			name = Main.storyboard;
			sourceTree = "<group>";
		};
		11A784821CEF7A6C0082136F /* LaunchScreen.storyboard */ = {
			isa = PBXVariantGroup;
			children = (
				11A784831CEF7A6C0082136F /* Base */,
			);
			name = LaunchScreen.storyboard;
			sourceTree = "<group>";
		};
/* End PBXVariantGroup section */

/* Begin XCBuildConfiguration section */
		11A7849C1CEF7A6C0082136F /* Debug */ = {
			isa = XCBuildConfiguration;
			buildSettings = {
				ALWAYS_SEARCH_USER_PATHS = NO;
				CLANG_ANALYZER_NONNULL = YES;
				CLANG_CXX_LANGUAGE_STANDARD = "gnu++0x";
				CLANG_CXX_LIBRARY = "libc++";
				CLANG_ENABLE_MODULES = YES;
				CLANG_ENABLE_OBJC_ARC = YES;
				CLANG_WARN_BOOL_CONVERSION = YES;
				CLANG_WARN_CONSTANT_CONVERSION = YES;
				CLANG_WARN_DIRECT_OBJC_ISA_USAGE = YES_ERROR;
				CLANG_WARN_EMPTY_BODY = YES;
				CLANG_WARN_ENUM_CONVERSION = YES;
				CLANG_WARN_INT_CONVERSION = YES;
				CLANG_WARN_OBJC_ROOT_CLASS = YES_ERROR;
				CLANG_WARN_UNREACHABLE_CODE = YES;
				CLANG_WARN__DUPLICATE_METHOD_MATCH = YES;
				"CODE_SIGN_IDENTITY[sdk=iphoneos*]" = "iPhone Developer";
				COPY_PHASE_STRIP = NO;
				DEBUG_INFORMATION_FORMAT = dwarf;
				ENABLE_STRICT_OBJC_MSGSEND = YES;
				ENABLE_TESTABILITY = YES;
				GCC_C_LANGUAGE_STANDARD = gnu99;
				GCC_DYNAMIC_NO_PIC = NO;
				GCC_NO_COMMON_BLOCKS = YES;
				GCC_OPTIMIZATION_LEVEL = 0;
				GCC_PREPROCESSOR_DEFINITIONS = (
					"DEBUG=1",
					"$(inherited)",
				);
				GCC_WARN_64_TO_32_BIT_CONVERSION = YES;
				GCC_WARN_ABOUT_RETURN_TYPE = YES_ERROR;
				GCC_WARN_UNDECLARED_SELECTOR = YES;
				GCC_WARN_UNINITIALIZED_AUTOS = YES_AGGRESSIVE;
				GCC_WARN_UNUSED_FUNCTION = YES;
				GCC_WARN_UNUSED_VARIABLE = YES;
				IPHONEOS_DEPLOYMENT_TARGET = 9.3;
				MTL_ENABLE_DEBUG_INFO = YES;
				ONLY_ACTIVE_ARCH = YES;
				SDKROOT = iphoneos;
			};
			name = Debug;
		};
		11A7849D1CEF7A6C0082136F /* Release */ = {
			isa = XCBuildConfiguration;
			buildSettings = {
				ALWAYS_SEARCH_USER_PATHS = NO;
				CLANG_ANALYZER_NONNULL = YES;
				CLANG_CXX_LANGUAGE_STANDARD = "gnu++0x";
				CLANG_CXX_LIBRARY = "libc++";
				CLANG_ENABLE_MODULES = YES;
				CLANG_ENABLE_OBJC_ARC = YES;
				CLANG_WARN_BOOL_CONVERSION = YES;
				CLANG_WARN_CONSTANT_CONVERSION = YES;
				CLANG_WARN_DIRECT_OBJC_ISA_USAGE = YES_ERROR;
				CLANG_WARN_EMPTY_BODY = YES;
				CLANG_WARN_ENUM_CONVERSION = YES;
				CLANG_WARN_INT_CONVERSION = YES;
				CLANG_WARN_OBJC_ROOT_CLASS = YES_ERROR;
				CLANG_WARN_UNREACHABLE_CODE = YES;
				CLANG_WARN__DUPLICATE_METHOD_MATCH = YES;
				"CODE_SIGN_IDENTITY[sdk=iphoneos*]" = "iPhone Developer";
				COPY_PHASE_STRIP = NO;
				DEBUG_INFORMATION_FORMAT = "dwarf-with-dsym";
				ENABLE_NS_ASSERTIONS = NO;
				ENABLE_STRICT_OBJC_MSGSEND = YES;
				GCC_C_LANGUAGE_STANDARD = gnu99;
				GCC_NO_COMMON_BLOCKS = YES;
				GCC_WARN_64_TO_32_BIT_CONVERSION = YES;
				GCC_WARN_ABOUT_RETURN_TYPE = YES_ERROR;
				GCC_WARN_UNDECLARED_SELECTOR = YES;
				GCC_WARN_UNINITIALIZED_AUTOS = YES_AGGRESSIVE;
				GCC_WARN_UNUSED_FUNCTION = YES;
				GCC_WARN_UNUSED_VARIABLE = YES;
				IPHONEOS_DEPLOYMENT_TARGET = 9.3;
				MTL_ENABLE_DEBUG_INFO = NO;
				SDKROOT = iphoneos;
				VALIDATE_PRODUCT = YES;
			};
			name = Release;
		};
		11A7849F1CEF7A6C0082136F /* Debug */ = {
			isa = XCBuildConfiguration;
			buildSettings = {
				ASSETCATALOG_COMPILER_APPICON_NAME = AppIcon;
				INFOPLIST_FILE = Tarea/Info.plist;
				LD_RUNPATH_SEARCH_PATHS = "$(inherited) @executable_path/Frameworks";
				PRODUCT_BUNDLE_IDENTIFIER = moises.Tarea;
				PRODUCT_NAME = "$(TARGET_NAME)";
			};
			name = Debug;
		};
		11A784A01CEF7A6C0082136F /* Release */ = {
			isa = XCBuildConfiguration;
			buildSettings = {
				ASSETCATALOG_COMPILER_APPICON_NAME = AppIcon;
				INFOPLIST_FILE = Tarea/Info.plist;
				LD_RUNPATH_SEARCH_PATHS = "$(inherited) @executable_path/Frameworks";
				PRODUCT_BUNDLE_IDENTIFIER = moises.Tarea;
				PRODUCT_NAME = "$(TARGET_NAME)";
			};
			name = Release;
		};
		11A784A21CEF7A6C0082136F /* Debug */ = {
			isa = XCBuildConfiguration;
			buildSettings = {
				BUNDLE_LOADER = "$(TEST_HOST)";
				INFOPLIST_FILE = TareaTests/Info.plist;
				LD_RUNPATH_SEARCH_PATHS = "$(inherited) @executable_path/Frameworks @loader_path/Frameworks";
				PRODUCT_BUNDLE_IDENTIFIER = moises.TareaTests;
				PRODUCT_NAME = "$(TARGET_NAME)";
				TEST_HOST = "$(BUILT_PRODUCTS_DIR)/Tarea.app/Tarea";
			};
			name = Debug;
		};
		11A784A31CEF7A6C0082136F /* Release */ = {
			isa = XCBuildConfiguration;
			buildSettings = {
				BUNDLE_LOADER = "$(TEST_HOST)";
				INFOPLIST_FILE = TareaTests/Info.plist;
				LD_RUNPATH_SEARCH_PATHS = "$(inherited) @executable_path/Frameworks @loader_path/Frameworks";
				PRODUCT_BUNDLE_IDENTIFIER = moises.TareaTests;
				PRODUCT_NAME = "$(TARGET_NAME)";
				TEST_HOST = "$(BUILT_PRODUCTS_DIR)/Tarea.app/Tarea";
			};
			name = Release;
		};
		11A784A51CEF7A6C0082136F /* Debug */ = {
			isa = XCBuildConfiguration;
			buildSettings = {
				INFOPLIST_FILE = TareaUITests/Info.plist;
				LD_RUNPATH_SEARCH_PATHS = "$(inherited) @executable_path/Frameworks @loader_path/Frameworks";
				PRODUCT_BUNDLE_IDENTIFIER = moises.TareaUITests;
				PRODUCT_NAME = "$(TARGET_NAME)";
				TEST_TARGET_NAME = Tarea;
			};
			name = Debug;
		};
		11A784A61CEF7A6C0082136F /* Release */ = {
			isa = XCBuildConfiguration;
			buildSettings = {
				INFOPLIST_FILE = TareaUITests/Info.plist;
				LD_RUNPATH_SEARCH_PATHS = "$(inherited) @executable_path/Frameworks @loader_path/Frameworks";
				PRODUCT_BUNDLE_IDENTIFIER = moises.TareaUITests;
				PRODUCT_NAME = "$(TARGET_NAME)";
				TEST_TARGET_NAME = Tarea;
			};
			name = Release;
		};
/* End XCBuildConfiguration section */

/* Begin XCConfigurationList section */
		11A7846C1CEF7A6C0082136F /* Build configuration list for PBXProject "Tarea" */ = {
			isa = XCConfigurationList;
			buildConfigurations = (
				11A7849C1CEF7A6C0082136F /* Debug */,
				11A7849D1CEF7A6C0082136F /* Release */,
			);
			defaultConfigurationIsVisible = 0;
			defaultConfigurationName = Release;
		};
		11A7849E1CEF7A6C0082136F /* Build configuration list for PBXNativeTarget "Tarea" */ = {
			isa = XCConfigurationList;
			buildConfigurations = (
				11A7849F1CEF7A6C0082136F /* Debug */,
				11A784A01CEF7A6C0082136F /* Release */,
			);
			defaultConfigurationIsVisible = 0;
		};
		11A784A11CEF7A6C0082136F /* Build configuration list for PBXNativeTarget "TareaTests" */ = {
			isa = XCConfigurationList;
			buildConfigurations = (
				11A784A21CEF7A6C0082136F /* Debug */,
				11A784A31CEF7A6C0082136F /* Release */,
			);
			defaultConfigurationIsVisible = 0;
		};
		11A784A41CEF7A6C0082136F /* Build configuration list for PBXNativeTarget "TareaUITests" */ = {
			isa = XCConfigurationList;
			buildConfigurations = (
				11A784A51CEF7A6C0082136F /* Debug */,
				11A784A61CEF7A6C0082136F /* Release */,
			);
			defaultConfigurationIsVisible = 0;
		};
/* End XCConfigurationList section */
	};
	rootObject = 11A784691CEF7A6C0082136F /* Project object */;
}
